// !$*UTF8*$!
{
	archiveVersion = 1;
	classes = {
	};
	objectVersion = 77;
	objects = {

/* Begin PBXContainerItemProxy section */
		E0E1CCC02E576FDA0090C6EB /* PBXContainerItemProxy */ = {
			isa = PBXContainerItemProxy;
			containerPortal = E0E1CCAA2E576FD90090C6EB /* Project object */;
			proxyType = 1;
			remoteGlobalIDString = E0E1CCB12E576FD90090C6EB;
			remoteInfo = TestNewProject;
		};
		E0E1CCCA2E576FDA0090C6EB /* PBXContainerItemProxy */ = {
			isa = PBXContainerItemProxy;
			containerPortal = E0E1CCAA2E576FD90090C6EB /* Project object */;
			proxyType = 1;
			remoteGlobalIDString = E0E1CCB12E576FD90090C6EB;
			remoteInfo = TestNewProject;
		};
/* End PBXContainerItemProxy section */

/* Begin PBXFileReference section */
		E0E1CCB22E576FD90090C6EB /* TestNewProject.app */ = {isa = PBXFileReference; explicitFileType = wrapper.application; includeInIndex = 0; path = TestNewProject.app; sourceTree = BUILT_PRODUCTS_DIR; };
		E0E1CCBF2E576FDA0090C6EB /* TestNewProjectTests.xctest */ = {isa = PBXFileReference; explicitFileType = wrapper.cfbundle; includeInIndex = 0; path = TestNewProjectTests.xctest; sourceTree = BUILT_PRODUCTS_DIR; };
		E0E1CCC92E576FDA0090C6EB /* TestNewProjectUITests.xctest */ = {isa = PBXFileReference; explicitFileType = wrapper.cfbundle; includeInIndex = 0; path = TestNewProjectUITests.xctest; sourceTree = BUILT_PRODUCTS_DIR; };
/* End PBXFileReference section */

/* Begin PBXFileSystemSynchronizedRootGroup section */
		E0E1CCB42E576FD90090C6EB /* TestNewProject */ = {
			isa = PBXFileSystemSynchronizedRootGroup;
			path = TestNewProject;
			sourceTree = "<group>";
		};
		E0E1CCC22E576FDA0090C6EB /* TestNewProjectTests */ = {
			isa = PBXFileSystemSynchronizedRootGroup;
			path = TestNewProjectTests;
			sourceTree = "<group>";
		};
		E0E1CCCC2E576FDA0090C6EB /* TestNewProjectUITests */ = {
			isa = PBXFileSystemSynchronizedRootGroup;
			path = TestNewProjectUITests;
			sourceTree = "<group>";
		};
/* End PBXFileSystemSynchronizedRootGroup section */

/* Begin PBXFrameworksBuildPhase section */
		E0E1CCAF2E576FD90090C6EB /* Frameworks */ = {
			isa = PBXFrameworksBuildPhase;
			buildActionMask = 2147483647;
			files = (
			);
			runOnlyForDeploymentPostprocessing = 0;
		};
		E0E1CCBC2E576FDA0090C6EB /* Frameworks */ = {
			isa = PBXFrameworksBuildPhase;
			buildActionMask = 2147483647;
			files = (
			);
			runOnlyForDeploymentPostprocessing = 0;
		};
		E0E1CCC62E576FDA0090C6EB /* Frameworks */ = {
			isa = PBXFrameworksBuildPhase;
			buildActionMask = 2147483647;
			files = (
			);
			runOnlyForDeploymentPostprocessing = 0;
		};
/* End PBXFrameworksBuildPhase section */

/* Begin PBXGroup section */
		E0E1CCA92E576FD90090C6EB = {
			isa = PBXGroup;
			children = (
				E0E1CCB42E576FD90090C6EB /* TestNewProject */,
				E0E1CCC22E576FDA0090C6EB /* TestNewProjectTests */,
				E0E1CCCC2E576FDA0090C6EB /* TestNewProjectUITests */,
				E0E1CCB32E576FD90090C6EB /* Products */,
			);
			sourceTree = "<group>";
		};
		E0E1CCB32E576FD90090C6EB /* Products */ = {
			isa = PBXGroup;
			children = (
				E0E1CCB22E576FD90090C6EB /* TestNewProject.app */,
				E0E1CCBF2E576FDA0090C6EB /* TestNewProjectTests.xctest */,
				E0E1CCC92E576FDA0090C6EB /* TestNewProjectUITests.xctest */,
			);
			name = Products;
			sourceTree = "<group>";
		};
/* End PBXGroup section */

/* Begin PBXNativeTarget section */
		E0E1CCB12E576FD90090C6EB /* TestNewProject */ = {
			isa = PBXNativeTarget;
			buildConfigurationList = E0E1CCD32E576FDA0090C6EB /* Build configuration list for PBXNativeTarget "TestNewProject" */;
			buildPhases = (
				E0E1CCAE2E576FD90090C6EB /* Sources */,
				E0E1CCAF2E576FD90090C6EB /* Frameworks */,
				E0E1CCB02E576FD90090C6EB /* Resources */,
			);
			buildRules = (
			);
			dependencies = (
			);
			fileSystemSynchronizedGroups = (
				E0E1CCB42E576FD90090C6EB /* TestNewProject */,
			);
			name = TestNewProject;
			packageProductDependencies = (
			);
			productName = TestNewProject;
			productReference = E0E1CCB22E576FD90090C6EB /* TestNewProject.app */;
			productType = "com.apple.product-type.application";
		};
		E0E1CCBE2E576FDA0090C6EB /* TestNewProjectTests */ = {
			isa = PBXNativeTarget;
			buildConfigurationList = E0E1CCD62E576FDA0090C6EB /* Build configuration list for PBXNativeTarget "TestNewProjectTests" */;
			buildPhases = (
				E0E1CCBB2E576FDA0090C6EB /* Sources */,
				E0E1CCBC2E576FDA0090C6EB /* Frameworks */,
				E0E1CCBD2E576FDA0090C6EB /* Resources */,
			);
			buildRules = (
			);
			dependencies = (
				E0E1CCC12E576FDA0090C6EB /* PBXTargetDependency */,
			);
			fileSystemSynchronizedGroups = (
				E0E1CCC22E576FDA0090C6EB /* TestNewProjectTests */,
			);
			name = TestNewProjectTests;
			packageProductDependencies = (
			);
			productName = TestNewProjectTests;
			productReference = E0E1CCBF2E576FDA0090C6EB /* TestNewProjectTests.xctest */;
			productType = "com.apple.product-type.bundle.unit-test";
		};
		E0E1CCC82E576FDA0090C6EB /* TestNewProjectUITests */ = {
			isa = PBXNativeTarget;
			buildConfigurationList = E0E1CCD92E576FDA0090C6EB /* Build configuration list for PBXNativeTarget "TestNewProjectUITests" */;
			buildPhases = (
				E0E1CCC52E576FDA0090C6EB /* Sources */,
				E0E1CCC62E576FDA0090C6EB /* Frameworks */,
				E0E1CCC72E576FDA0090C6EB /* Resources */,
			);
			buildRules = (
			);
			dependencies = (
				E0E1CCCB2E576FDA0090C6EB /* PBXTargetDependency */,
			);
			fileSystemSynchronizedGroups = (
				E0E1CCCC2E576FDA0090C6EB /* TestNewProjectUITests */,
			);
			name = TestNewProjectUITests;
			packageProductDependencies = (
			);
			productName = TestNewProjectUITests;
			productReference = E0E1CCC92E576FDA0090C6EB /* TestNewProjectUITests.xctest */;
			productType = "com.apple.product-type.bundle.ui-testing";
		};
/* End PBXNativeTarget section */

/* Begin PBXProject section */
		E0E1CCAA2E576FD90090C6EB /* Project object */ = {
			isa = PBXProject;
			attributes = {
				BuildIndependentTargetsInParallel = 1;
				LastSwiftUpdateCheck = 1640;
				LastUpgradeCheck = 1640;
				TargetAttributes = {
					E0E1CCB12E576FD90090C6EB = {
						CreatedOnToolsVersion = 16.4;
					};
					E0E1CCBE2E576FDA0090C6EB = {
						CreatedOnToolsVersion = 16.4;
						TestTargetID = E0E1CCB12E576FD90090C6EB;
					};
					E0E1CCC82E576FDA0090C6EB = {
						CreatedOnToolsVersion = 16.4;
						TestTargetID = E0E1CCB12E576FD90090C6EB;
					};
				};
			};
			buildConfigurationList = E0E1CCAD2E576FD90090C6EB /* Build configuration list for PBXProject "TestNewProject" */;
			developmentRegion = en;
			hasScannedForEncodings = 0;
			knownRegions = (
				en,
				Base,
			);
			mainGroup = E0E1CCA92E576FD90090C6EB;
			minimizedProjectReferenceProxies = 1;
			preferredProjectObjectVersion = 77;
			productRefGroup = E0E1CCB32E576FD90090C6EB /* Products */;
			projectDirPath = "";
			projectRoot = "";
			targets = (
				E0E1CCB12E576FD90090C6EB /* TestNewProject */,
				E0E1CCBE2E576FDA0090C6EB /* TestNewProjectTests */,
				E0E1CCC82E576FDA0090C6EB /* TestNewProjectUITests */,
			);
		};
/* End PBXProject section */

/* Begin PBXResourcesBuildPhase section */
		E0E1CCB02E576FD90090C6EB /* Resources */ = {
			isa = PBXResourcesBuildPhase;
			buildActionMask = 2147483647;
			files = (
			);
			runOnlyForDeploymentPostprocessing = 0;
		};
		E0E1CCBD2E576FDA0090C6EB /* Resources */ = {
			isa = PBXResourcesBuildPhase;
			buildActionMask = 2147483647;
			files = (
			);
			runOnlyForDeploymentPostprocessing = 0;
		};
		E0E1CCC72E576FDA0090C6EB /* Resources */ = {
			isa = PBXResourcesBuildPhase;
			buildActionMask = 2147483647;
			files = (
			);
			runOnlyForDeploymentPostprocessing = 0;
		};
/* End PBXResourcesBuildPhase section */

/* Begin PBXSourcesBuildPhase section */
		E0E1CCAE2E576FD90090C6EB /* Sources */ = {
			isa = PBXSourcesBuildPhase;
			buildActionMask = 2147483647;
			files = (
			);
			runOnlyForDeploymentPostprocessing = 0;
		};
		E0E1CCBB2E576FDA0090C6EB /* Sources */ = {
			isa = PBXSourcesBuildPhase;
			buildActionMask = 2147483647;
			files = (
			);
			runOnlyForDeploymentPostprocessing = 0;
		};
		E0E1CCC52E576FDA0090C6EB /* Sources */ = {
			isa = PBXSourcesBuildPhase;
			buildActionMask = 2147483647;
			files = (
			);
			runOnlyForDeploymentPostprocessing = 0;
		};
/* End PBXSourcesBuildPhase section */

/* Begin PBXTargetDependency section */
		E0E1CCC12E576FDA0090C6EB /* PBXTargetDependency */ = {
			isa = PBXTargetDependency;
			target = E0E1CCB12E576FD90090C6EB /* TestNewProject */;
			targetProxy = E0E1CCC02E576FDA0090C6EB /* PBXContainerItemProxy */;
		};
		E0E1CCCB2E576FDA0090C6EB /* PBXTargetDependency */ = {
			isa = PBXTargetDependency;
			target = E0E1CCB12E576FD90090C6EB /* TestNewProject */;
			targetProxy = E0E1CCCA2E576FDA0090C6EB /* PBXContainerItemProxy */;
		};
/* End PBXTargetDependency section */

/* Begin XCBuildConfiguration section */
		E0E1CCD12E576FDA0090C6EB /* Debug */ = {
			isa = XCBuildConfiguration;
			buildSettings = {
				ALWAYS_SEARCH_USER_PATHS = NO;
				ASSETCATALOG_COMPILER_GENERATE_SWIFT_ASSET_SYMBOL_EXTENSIONS = YES;
				CLANG_ANALYZER_NONNULL = YES;
				CLANG_ANALYZER_NUMBER_OBJECT_CONVERSION = YES_AGGRESSIVE;
				CLANG_CXX_LANGUAGE_STANDARD = "gnu++20";
				CLANG_ENABLE_MODULES = YES;
				CLANG_ENABLE_OBJC_ARC = YES;
				CLANG_ENABLE_OBJC_WEAK = YES;
				CLANG_WARN_BLOCK_CAPTURE_AUTORELEASING = YES;
				CLANG_WARN_BOOL_CONVERSION = YES;
				CLANG_WARN_COMMA = YES;
				CLANG_WARN_CONSTANT_CONVERSION = YES;
				CLANG_WARN_DEPRECATED_OBJC_IMPLEMENTATIONS = YES;
				CLANG_WARN_DIRECT_OBJC_ISA_USAGE = YES_ERROR;
				CLANG_WARN_DOCUMENTATION_COMMENTS = YES;
				CLANG_WARN_EMPTY_BODY = YES;
				CLANG_WARN_ENUM_CONVERSION = YES;
				CLANG_WARN_INFINITE_RECURSION = YES;
				CLANG_WARN_INT_CONVERSION = YES;
				CLANG_WARN_NON_LITERAL_NULL_CONVERSION = YES;
				CLANG_WARN_OBJC_IMPLICIT_RETAIN_SELF = YES;
				CLANG_WARN_OBJC_LITERAL_CONVERSION = YES;
				CLANG_WARN_OBJC_ROOT_CLASS = YES_ERROR;
				CLANG_WARN_QUOTED_INCLUDE_IN_FRAMEWORK_HEADER = YES;
				CLANG_WARN_RANGE_LOOP_ANALYSIS = YES;
				CLANG_WARN_STRICT_PROTOTYPES = YES;
				CLANG_WARN_SUSPICIOUS_MOVE = YES;
				CLANG_WARN_UNGUARDED_AVAILABILITY = YES_AGGRESSIVE;
				CLANG_WARN_UNREACHABLE_CODE = YES;
				CLANG_WARN__DUPLICATE_METHOD_MATCH = YES;
				COPY_PHASE_STRIP = NO;
				DEBUG_INFORMATION_FORMAT = dwarf;
				DEVELOPMENT_TEAM = WL232VW283;
				ENABLE_STRICT_OBJC_MSGSEND = YES;
				ENABLE_TESTABILITY = YES;
				ENABLE_USER_SCRIPT_SANDBOXING = YES;
				GCC_C_LANGUAGE_STANDARD = gnu17;
				GCC_DYNAMIC_NO_PIC = NO;
				GCC_NO_COMMON_BLOCKS = YES;
				GCC_OPTIMIZATION_LEVEL = 0;
				GCC_PREPROCESSOR_DEFINITIONS = (
					"DEBUG=1",
					"$(inherited)",
				);
				GCC_WARN_64_TO_32_BIT_CONVERSION = YES;
				GCC_WARN_ABOUT_RETURN_TYPE = YES_ERROR;
				GCC_WARN_UNDECLARED_SELECTOR = YES;
				GCC_WARN_UNINITIALIZED_AUTOS = YES_AGGRESSIVE;
				GCC_WARN_UNUSED_FUNCTION = YES;
				GCC_WARN_UNUSED_VARIABLE = YES;
				IPHONEOS_DEPLOYMENT_TARGET = 16.6;
				LOCALIZATION_PREFERS_STRING_CATALOGS = YES;
				MTL_ENABLE_DEBUG_INFO = INCLUDE_SOURCE;
				MTL_FAST_MATH = YES;
				ONLY_ACTIVE_ARCH = YES;
				SDKROOT = iphoneos;
				SWIFT_ACTIVE_COMPILATION_CONDITIONS = "DEBUG $(inherited)";
				SWIFT_OPTIMIZATION_LEVEL = "-Onone";
			};
			name = Debug;
		};
		E0E1CCD22E576FDA0090C6EB /* Release */ = {
			isa = XCBuildConfiguration;
			buildSettings = {
				ALWAYS_SEARCH_USER_PATHS = NO;
				ASSETCATALOG_COMPILER_GENERATE_SWIFT_ASSET_SYMBOL_EXTENSIONS = YES;
				CLANG_ANALYZER_NONNULL = YES;
				CLANG_ANALYZER_NUMBER_OBJECT_CONVERSION = YES_AGGRESSIVE;
				CLANG_CXX_LANGUAGE_STANDARD = "gnu++20";
				CLANG_ENABLE_MODULES = YES;
				CLANG_ENABLE_OBJC_ARC = YES;
				CLANG_ENABLE_OBJC_WEAK = YES;
				CLANG_WARN_BLOCK_CAPTURE_AUTORELEASING = YES;
				CLANG_WARN_BOOL_CONVERSION = YES;
				CLANG_WARN_COMMA = YES;
				CLANG_WARN_CONSTANT_CONVERSION = YES;
				CLANG_WARN_DEPRECATED_OBJC_IMPLEMENTATIONS = YES;
				CLANG_WARN_DIRECT_OBJC_ISA_USAGE = YES_ERROR;
				CLANG_WARN_DOCUMENTATION_COMMENTS = YES;
				CLANG_WARN_EMPTY_BODY = YES;
				CLANG_WARN_ENUM_CONVERSION = YES;
				CLANG_WARN_INFINITE_RECURSION = YES;
				CLANG_WARN_INT_CONVERSION = YES;
				CLANG_WARN_NON_LITERAL_NULL_CONVERSION = YES;
				CLANG_WARN_OBJC_IMPLICIT_RETAIN_SELF = YES;
				CLANG_WARN_OBJC_LITERAL_CONVERSION = YES;
				CLANG_WARN_OBJC_ROOT_CLASS = YES_ERROR;
				CLANG_WARN_QUOTED_INCLUDE_IN_FRAMEWORK_HEADER = YES;
				CLANG_WARN_RANGE_LOOP_ANALYSIS = YES;
				CLANG_WARN_STRICT_PROTOTYPES = YES;
				CLANG_WARN_SUSPICIOUS_MOVE = YES;
				CLANG_WARN_UNGUARDED_AVAILABILITY = YES_AGGRESSIVE;
				CLANG_WARN_UNREACHABLE_CODE = YES;
				CLANG_WARN__DUPLICATE_METHOD_MATCH = YES;
				COPY_PHASE_STRIP = NO;
				DEBUG_INFORMATION_FORMAT = "dwarf-with-dsym";
				DEVELOPMENT_TEAM = WL232VW283;
				ENABLE_NS_ASSERTIONS = NO;
				ENABLE_STRICT_OBJC_MSGSEND = YES;
				ENABLE_USER_SCRIPT_SANDBOXING = YES;
				GCC_C_LANGUAGE_STANDARD = gnu17;
				GCC_NO_COMMON_BLOCKS = YES;
				GCC_WARN_64_TO_32_BIT_CONVERSION = YES;
				GCC_WARN_ABOUT_RETURN_TYPE = YES_ERROR;
				GCC_WARN_UNDECLARED_SELECTOR = YES;
				GCC_WARN_UNINITIALIZED_AUTOS = YES_AGGRESSIVE;
				GCC_WARN_UNUSED_FUNCTION = YES;
				GCC_WARN_UNUSED_VARIABLE = YES;
				IPHONEOS_DEPLOYMENT_TARGET = 16.6;
				LOCALIZATION_PREFERS_STRING_CATALOGS = YES;
				MTL_ENABLE_DEBUG_INFO = NO;
				MTL_FAST_MATH = YES;
				SDKROOT = iphoneos;
				SWIFT_COMPILATION_MODE = wholemodule;
				VALIDATE_PRODUCT = YES;
			};
			name = Release;
		};
		E0E1CCD42E576FDA0090C6EB /* Debug */ = {
			isa = XCBuildConfiguration;
			buildSettings = {
				ASSETCATALOG_COMPILER_APPICON_NAME = AppIcon;
				ASSETCATALOG_COMPILER_GLOBAL_ACCENT_COLOR_NAME = AccentColor;
				CODE_SIGN_STYLE = Automatic;
				CURRENT_PROJECT_VERSION = 1;
				DEVELOPMENT_TEAM = WL232VW283;
				ENABLE_PREVIEWS = YES;
				GENERATE_INFOPLIST_FILE = YES;
				INFOPLIST_KEY_UIApplicationSceneManifest_Generation = YES;
				INFOPLIST_KEY_UIApplicationSupportsIndirectInputEvents = YES;
				INFOPLIST_KEY_UILaunchScreen_Generation = YES;
				INFOPLIST_KEY_UISupportedInterfaceOrientations_iPad = "UIInterfaceOrientationPortrait UIInterfaceOrientationPortraitUpsideDown UIInterfaceOrientationLandscapeLeft UIInterfaceOrientationLandscapeRight";
				INFOPLIST_KEY_UISupportedInterfaceOrientations_iPhone = "UIInterfaceOrientationPortrait UIInterfaceOrientationLandscapeLeft UIInterfaceOrientationLandscapeRight";
				IPHONEOS_DEPLOYMENT_TARGET = 15.6;
				LD_RUNPATH_SEARCH_PATHS = (
					"$(inherited)",
					"@executable_path/Frameworks",
				);
				MARKETING_VERSION = 1.0;
				PRODUCT_BUNDLE_IDENTIFIER = VysotskyClub.TestNewProject;
				PRODUCT_NAME = "$(TARGET_NAME)";
				SWIFT_EMIT_LOC_STRINGS = YES;
				SWIFT_VERSION = 5.0;
				TARGETED_DEVICE_FAMILY = "1,2";
			};
			name = Debug;
		};
		E0E1CCD52E576FDA0090C6EB /* Release */ = {
			isa = XCBuildConfiguration;
			buildSettings = {
				ASSETCATALOG_COMPILER_APPICON_NAME = AppIcon;
				ASSETCATALOG_COMPILER_GLOBAL_ACCENT_COLOR_NAME = AccentColor;
				CODE_SIGN_STYLE = Automatic;
				CURRENT_PROJECT_VERSION = 1;
				DEVELOPMENT_TEAM = WL232VW283;
				ENABLE_PREVIEWS = YES;
				GENERATE_INFOPLIST_FILE = YES;
				INFOPLIST_KEY_UIApplicationSceneManifest_Generation = YES;
				INFOPLIST_KEY_UIApplicationSupportsIndirectInputEvents = YES;
				INFOPLIST_KEY_UILaunchScreen_Generation = YES;
				INFOPLIST_KEY_UISupportedInterfaceOrientations_iPad = "UIInterfaceOrientationPortrait UIInterfaceOrientationPortraitUpsideDown UIInterfaceOrientationLandscapeLeft UIInterfaceOrientationLandscapeRight";
				INFOPLIST_KEY_UISupportedInterfaceOrientations_iPhone = "UIInterfaceOrientationPortrait UIInterfaceOrientationLandscapeLeft UIInterfaceOrientationLandscapeRight";
				IPHONEOS_DEPLOYMENT_TARGET = 15.6;
				LD_RUNPATH_SEARCH_PATHS = (
					"$(inherited)",
					"@executable_path/Frameworks",
				);
				MARKETING_VERSION = 1.0;
				PRODUCT_BUNDLE_IDENTIFIER = VysotskyClub.TestNewProject;
				PRODUCT_NAME = "$(TARGET_NAME)";
				SWIFT_EMIT_LOC_STRINGS = YES;
				SWIFT_VERSION = 5.0;
				TARGETED_DEVICE_FAMILY = "1,2";
			};
			name = Release;
		};
		E0E1CCD72E576FDA0090C6EB /* Debug */ = {
			isa = XCBuildConfiguration;
			buildSettings = {
				BUNDLE_LOADER = "$(TEST_HOST)";
				CODE_SIGN_STYLE = Automatic;
				CURRENT_PROJECT_VERSION = 1;
				DEVELOPMENT_TEAM = WL232VW283;
				GENERATE_INFOPLIST_FILE = YES;
				IPHONEOS_DEPLOYMENT_TARGET = 18.5;
				MARKETING_VERSION = 1.0;
				PRODUCT_BUNDLE_IDENTIFIER = VysotskyClub.TestNewProjectTests;
				PRODUCT_NAME = "$(TARGET_NAME)";
				SWIFT_EMIT_LOC_STRINGS = NO;
				SWIFT_VERSION = 5.0;
				TARGETED_DEVICE_FAMILY = "1,2";
				TEST_HOST = "$(BUILT_PRODUCTS_DIR)/TestNewProject.app/$(BUNDLE_EXECUTABLE_FOLDER_PATH)/TestNewProject";
			};
			name = Debug;
		};
		E0E1CCD82E576FDA0090C6EB /* Release */ = {
			isa = XCBuildConfiguration;
			buildSettings = {
				BUNDLE_LOADER = "$(TEST_HOST)";
				CODE_SIGN_STYLE = Automatic;
				CURRENT_PROJECT_VERSION = 1;
				DEVELOPMENT_TEAM = WL232VW283;
				GENERATE_INFOPLIST_FILE = YES;
				IPHONEOS_DEPLOYMENT_TARGET = 18.5;
				MARKETING_VERSION = 1.0;
				PRODUCT_BUNDLE_IDENTIFIER = VysotskyClub.TestNewProjectTests;
				PRODUCT_NAME = "$(TARGET_NAME)";
				SWIFT_EMIT_LOC_STRINGS = NO;
				SWIFT_VERSION = 5.0;
				TARGETED_DEVICE_FAMILY = "1,2";
				TEST_HOST = "$(BUILT_PRODUCTS_DIR)/TestNewProject.app/$(BUNDLE_EXECUTABLE_FOLDER_PATH)/TestNewProject";
			};
			name = Release;
		};
		E0E1CCDA2E576FDA0090C6EB /* Debug */ = {
			isa = XCBuildConfiguration;
			buildSettings = {
				CODE_SIGN_STYLE = Automatic;
				CURRENT_PROJECT_VERSION = 1;
				DEVELOPMENT_TEAM = WL232VW283;
				GENERATE_INFOPLIST_FILE = YES;
				MARKETING_VERSION = 1.0;
				PRODUCT_BUNDLE_IDENTIFIER = VysotskyClub.TestNewProjectUITests;
				PRODUCT_NAME = "$(TARGET_NAME)";
				SWIFT_EMIT_LOC_STRINGS = NO;
				SWIFT_VERSION = 5.0;
				TARGETED_DEVICE_FAMILY = "1,2";
				TEST_TARGET_NAME = TestNewProject;
			};
			name = Debug;
		};
		E0E1CCDB2E576FDA0090C6EB /* Release */ = {
			isa = XCBuildConfiguration;
			buildSettings = {
				CODE_SIGN_STYLE = Automatic;
				CURRENT_PROJECT_VERSION = 1;
				DEVELOPMENT_TEAM = WL232VW283;
				GENERATE_INFOPLIST_FILE = YES;
				MARKETING_VERSION = 1.0;
				PRODUCT_BUNDLE_IDENTIFIER = VysotskyClub.TestNewProjectUITests;
				PRODUCT_NAME = "$(TARGET_NAME)";
				SWIFT_EMIT_LOC_STRINGS = NO;
				SWIFT_VERSION = 5.0;
				TARGETED_DEVICE_FAMILY = "1,2";
				TEST_TARGET_NAME = TestNewProject;
			};
			name = Release;
		};
/* End XCBuildConfiguration section */

/* Begin XCConfigurationList section */
		E0E1CCAD2E576FD90090C6EB /* Build configuration list for PBXProject "TestNewProject" */ = {
			isa = XCConfigurationList;
			buildConfigurations = (
				E0E1CCD12E576FDA0090C6EB /* Debug */,
				E0E1CCD22E576FDA0090C6EB /* Release */,
			);
			defaultConfigurationIsVisible = 0;
			defaultConfigurationName = Release;
		};
		E0E1CCD32E576FDA0090C6EB /* Build configuration list for PBXNativeTarget "TestNewProject" */ = {
			isa = XCConfigurationList;
			buildConfigurations = (
				E0E1CCD42E576FDA0090C6EB /* Debug */,
				E0E1CCD52E576FDA0090C6EB /* Release */,
			);
			defaultConfigurationIsVisible = 0;
			defaultConfigurationName = Release;
		};
		E0E1CCD62E576FDA0090C6EB /* Build configuration list for PBXNativeTarget "TestNewProjectTests" */ = {
			isa = XCConfigurationList;
			buildConfigurations = (
				E0E1CCD72E576FDA0090C6EB /* Debug */,
				E0E1CCD82E576FDA0090C6EB /* Release */,
			);
			defaultConfigurationIsVisible = 0;
			defaultConfigurationName = Release;
		};
		E0E1CCD92E576FDA0090C6EB /* Build configuration list for PBXNativeTarget "TestNewProjectUITests" */ = {
			isa = XCConfigurationList;
			buildConfigurations = (
				E0E1CCDA2E576FDA0090C6EB /* Debug */,
				E0E1CCDB2E576FDA0090C6EB /* Release */,
			);
			defaultConfigurationIsVisible = 0;
			defaultConfigurationName = Release;
		};
/* End XCConfigurationList section */
	};
	rootObject = E0E1CCAA2E576FD90090C6EB /* Project object */;
}
